
Microsoft Visual Studio Solution File, Format Version 12.00
# Visual Studio Version 18
VisualStudioVersion = 18.4.11605.240
MinimumVisualStudioVersion = 10.0.40219.1
Project("{8BC9CEB8-8B4A-11D0-8D11-00A0C91BC942}") = "net_extension", "src\net_extension\net_extension.vcxproj", "{4DE1E027-CAF8-4106-ABEF-1A6885CC82DD}"
EndProject
Project("{8BC9CEB8-8B4A-11D0-8D11-00A0C91BC942}") = "rec_extension", "src\rec_extension\rec_extension.vcxproj", "{26B572C7-455B-4ED2-8B3B-4E82620FAAEE}"
EndProject
Global
	GlobalSection(SolutionConfigurationPlatforms) = preSolution
		Debug|x64 = Debug|x64
		Release|x64 = Release|x64
	EndGlobalSection
	GlobalSection(ProjectConfigurationPlatforms) = postSolution
		{4DE1E027-CAF8-4106-ABEF-1A6885CC82DD}.Debug|x64.ActiveCfg = Debug|x64
		{4DE1E027-CAF8-4106-ABEF-1A6885CC82DD}.Debug|x64.Build.0 = Debug|x64
		{4DE1E027-CAF8-4106-ABEF-1A6885CC82DD}.Release|x64.ActiveCfg = Release|x64
		{4DE1E027-CAF8-4106-ABEF-1A6885CC82DD}.Release|x64.Build.0 = Release|x64
		{26B572C7-455B-4ED2-8B3B-4E82620FAAEE}.Debug|x64.ActiveCfg = Debug|x64
		{26B572C7-455B-4ED2-8B3B-4E82620FAAEE}.Debug|x64.Build.0 = Debug|x64
		{26B572C7-455B-4ED2-8B3B-4E82620FAAEE}.Release|x64.ActiveCfg = Release|x64
		{26B572C7-455B-4ED2-8B3B-4E82620FAAEE}.Release|x64.Build.0 = Release|x64
	EndGlobalSection
	GlobalSection(SolutionProperties) = preSolution
		HideSolutionNode = FALSE
	EndGlobalSection
	GlobalSection(ExtensibilityGlobals) = postSolution
		SolutionGuid = {B22930C0-F4F7-4C4B-9029-A4CF304E50CA}
	EndGlobalSection
EndGlobal
